// !$*UTF8*$!
{
	archiveVersion = 1;
	classes = {
	};
	objectVersion = 46;
	objects = {

/* Begin PBXBuildFile section */
		FBADA5B31D0263490037C4F5 /* main.m in Sources */ = {isa = PBXBuildFile; fileRef = FBADA5B21D0263490037C4F5 /* main.m */; };
		FBADA5B61D0263490037C4F5 /* AppDelegate.m in Sources */ = {isa = PBXBuildFile; fileRef = FBADA5B51D0263490037C4F5 /* AppDelegate.m */; };
		FBADA5B91D0263490037C4F5 /* ViewController.m in Sources */ = {isa = PBXBuildFile; fileRef = FBADA5B81D0263490037C4F5 /* ViewController.m */; };
		FBADA5BC1D0263490037C4F5 /* Main.storyboard in Resources */ = {isa = PBXBuildFile; fileRef = FBADA5BA1D0263490037C4F5 /* Main.storyboard */; };
		FBADA5BE1D0263490037C4F5 /* Assets.xcassets in Resources */ = {isa = PBXBuildFile; fileRef = FBADA5BD1D0263490037C4F5 /* Assets.xcassets */; };
		FBADA5C11D0263490037C4F5 /* LaunchScreen.storyboard in Resources */ = {isa = PBXBuildFile; fileRef = FBADA5BF1D0263490037C4F5 /* LaunchScreen.storyboard */; };
		FBADA5CC1D0263490037C4F5 /* tableViewIIndexTests.m in Sources */ = {isa = PBXBuildFile; fileRef = FBADA5CB1D0263490037C4F5 /* tableViewIIndexTests.m */; };
		FBADA5D71D0263490037C4F5 /* tableViewIIndexUITests.m in Sources */ = {isa = PBXBuildFile; fileRef = FBADA5D61D0263490037C4F5 /* tableViewIIndexUITests.m */; };
		FBADA5E61D0263920037C4F5 /* TableViewIndex.m in Sources */ = {isa = PBXBuildFile; fileRef = FBADA5E51D0263920037C4F5 /* TableViewIndex.m */; };
		FBADA5E91D026A370037C4F5 /* IndexTableView.m in Sources */ = {isa = PBXBuildFile; fileRef = FBADA5E81D026A370037C4F5 /* IndexTableView.m */; };
/* End PBXBuildFile section */

/* Begin PBXContainerItemProxy section */
		FBADA5C81D0263490037C4F5 /* PBXContainerItemProxy */ = {
			isa = PBXContainerItemProxy;
			containerPortal = FBADA5A61D0263490037C4F5 /* Project object */;
			proxyType = 1;
			remoteGlobalIDString = FBADA5AD1D0263490037C4F5;
			remoteInfo = tableViewIIndex;
		};
		FBADA5D31D0263490037C4F5 /* PBXContainerItemProxy */ = {
			isa = PBXContainerItemProxy;
			containerPortal = FBADA5A61D0263490037C4F5 /* Project object */;
			proxyType = 1;
			remoteGlobalIDString = FBADA5AD1D0263490037C4F5;
			remoteInfo = tableViewIIndex;
		};
/* End PBXContainerItemProxy section */

/* Begin PBXFileReference section */
		FBADA5AE1D0263490037C4F5 /* tableViewIIndex.app */ = {isa = PBXFileReference; explicitFileType = wrapper.application; includeInIndex = 0; path = tableViewIIndex.app; sourceTree = BUILT_PRODUCTS_DIR; };
		FBADA5B21D0263490037C4F5 /* main.m */ = {isa = PBXFileReference; lastKnownFileType = sourcecode.c.objc; path = main.m; sourceTree = "<group>"; };
		FBADA5B41D0263490037C4F5 /* AppDelegate.h */ = {isa = PBXFileReference; lastKnownFileType = sourcecode.c.h; path = AppDelegate.h; sourceTree = "<group>"; };
		FBADA5B51D0263490037C4F5 /* AppDelegate.m */ = {isa = PBXFileReference; lastKnownFileType = sourcecode.c.objc; path = AppDelegate.m; sourceTree = "<group>"; };
		FBADA5B71D0263490037C4F5 /* ViewController.h */ = {isa = PBXFileReference; lastKnownFileType = sourcecode.c.h; path = ViewController.h; sourceTree = "<group>"; };
		FBADA5B81D0263490037C4F5 /* ViewController.m */ = {isa = PBXFileReference; lastKnownFileType = sourcecode.c.objc; path = ViewController.m; sourceTree = "<group>"; };
		FBADA5BB1D0263490037C4F5 /* Base */ = {isa = PBXFileReference; lastKnownFileType = file.storyboard; name = Base; path = Base.lproj/Main.storyboard; sourceTree = "<group>"; };
		FBADA5BD1D0263490037C4F5 /* Assets.xcassets */ = {isa = PBXFileReference; lastKnownFileType = folder.assetcatalog; path = Assets.xcassets; sourceTree = "<group>"; };
		FBADA5C01D0263490037C4F5 /* Base */ = {isa = PBXFileReference; lastKnownFileType = file.storyboard; name = Base; path = Base.lproj/LaunchScreen.storyboard; sourceTree = "<group>"; };
		FBADA5C21D0263490037C4F5 /* Info.plist */ = {isa = PBXFileReference; lastKnownFileType = text.plist.xml; path = Info.plist; sourceTree = "<group>"; };
		FBADA5C71D0263490037C4F5 /* tableViewIIndexTests.xctest */ = {isa = PBXFileReference; explicitFileType = wrapper.cfbundle; includeInIndex = 0; path = tableViewIIndexTests.xctest; sourceTree = BUILT_PRODUCTS_DIR; };
		FBADA5CB1D0263490037C4F5 /* tableViewIIndexTests.m */ = {isa = PBXFileReference; lastKnownFileType = sourcecode.c.objc; path = tableViewIIndexTests.m; sourceTree = "<group>"; };
		FBADA5CD1D0263490037C4F5 /* Info.plist */ = {isa = PBXFileReference; lastKnownFileType = text.plist.xml; path = Info.plist; sourceTree = "<group>"; };
		FBADA5D21D0263490037C4F5 /* tableViewIIndexUITests.xctest */ = {isa = PBXFileReference; explicitFileType = wrapper.cfbundle; includeInIndex = 0; path = tableViewIIndexUITests.xctest; sourceTree = BUILT_PRODUCTS_DIR; };
		FBADA5D61D0263490037C4F5 /* tableViewIIndexUITests.m */ = {isa = PBXFileReference; lastKnownFileType = sourcecode.c.objc; path = tableViewIIndexUITests.m; sourceTree = "<group>"; };
		FBADA5D81D0263490037C4F5 /* Info.plist */ = {isa = PBXFileReference; lastKnownFileType = text.plist.xml; path = Info.plist; sourceTree = "<group>"; };
		FBADA5E41D0263920037C4F5 /* TableViewIndex.h */ = {isa = PBXFileReference; fileEncoding = 4; lastKnownFileType = sourcecode.c.h; path = TableViewIndex.h; sourceTree = "<group>"; };
		FBADA5E51D0263920037C4F5 /* TableViewIndex.m */ = {isa = PBXFileReference; fileEncoding = 4; lastKnownFileType = sourcecode.c.objc; path = TableViewIndex.m; sourceTree = "<group>"; };
		FBADA5E71D026A370037C4F5 /* IndexTableView.h */ = {isa = PBXFileReference; fileEncoding = 4; lastKnownFileType = sourcecode.c.h; path = IndexTableView.h; sourceTree = "<group>"; };
		FBADA5E81D026A370037C4F5 /* IndexTableView.m */ = {isa = PBXFileReference; fileEncoding = 4; lastKnownFileType = sourcecode.c.objc; path = IndexTableView.m; sourceTree = "<group>"; };
/* End PBXFileReference section */

/* Begin PBXFrameworksBuildPhase section */
		FBADA5AB1D0263490037C4F5 /* Frameworks */ = {
			isa = PBXFrameworksBuildPhase;
			buildActionMask = 2147483647;
			files = (
			);
			runOnlyForDeploymentPostprocessing = 0;
		};
		FBADA5C41D0263490037C4F5 /* Frameworks */ = {
			isa = PBXFrameworksBuildPhase;
			buildActionMask = 2147483647;
			files = (
			);
			runOnlyForDeploymentPostprocessing = 0;
		};
		FBADA5CF1D0263490037C4F5 /* Frameworks */ = {
			isa = PBXFrameworksBuildPhase;
			buildActionMask = 2147483647;
			files = (
			);
			runOnlyForDeploymentPostprocessing = 0;
		};
/* End PBXFrameworksBuildPhase section */

/* Begin PBXGroup section */
		FB5027341D0326D000C0AF8F /* IndexTableView */ = {
			isa = PBXGroup;
			children = (
				FBADA5E71D026A370037C4F5 /* IndexTableView.h */,
				FBADA5E81D026A370037C4F5 /* IndexTableView.m */,
				FBADA5E41D0263920037C4F5 /* TableViewIndex.h */,
				FBADA5E51D0263920037C4F5 /* TableViewIndex.m */,
			);
			name = IndexTableView;
			sourceTree = "<group>";
		};
		FBADA5A51D0263490037C4F5 = {
			isa = PBXGroup;
			children = (
				FBADA5B01D0263490037C4F5 /* tableViewIIndex */,
				FBADA5CA1D0263490037C4F5 /* tableViewIIndexTests */,
				FBADA5D51D0263490037C4F5 /* tableViewIIndexUITests */,
				FBADA5AF1D0263490037C4F5 /* Products */,
			);
			sourceTree = "<group>";
		};
		FBADA5AF1D0263490037C4F5 /* Products */ = {
			isa = PBXGroup;
			children = (
				FBADA5AE1D0263490037C4F5 /* tableViewIIndex.app */,
				FBADA5C71D0263490037C4F5 /* tableViewIIndexTests.xctest */,
				FBADA5D21D0263490037C4F5 /* tableViewIIndexUITests.xctest */,
			);
			name = Products;
			sourceTree = "<group>";
		};
		FBADA5B01D0263490037C4F5 /* tableViewIIndex */ = {
			isa = PBXGroup;
			children = (
				FB5027341D0326D000C0AF8F /* IndexTableView */,
				FBADA5B41D0263490037C4F5 /* AppDelegate.h */,
				FBADA5B51D0263490037C4F5 /* AppDelegate.m */,
				FBADA5B71D0263490037C4F5 /* ViewController.h */,
				FBADA5B81D0263490037C4F5 /* ViewController.m */,
				FBADA5BA1D0263490037C4F5 /* Main.storyboard */,
				FBADA5BD1D0263490037C4F5 /* Assets.xcassets */,
				FBADA5BF1D0263490037C4F5 /* LaunchScreen.storyboard */,
				FBADA5C21D0263490037C4F5 /* Info.plist */,
				FBADA5B11D0263490037C4F5 /* Supporting Files */,
			);
			path = tableViewIIndex;
			sourceTree = "<group>";
		};
		FBADA5B11D0263490037C4F5 /* Supporting Files */ = {
			isa = PBXGroup;
			children = (
				FBADA5B21D0263490037C4F5 /* main.m */,
			);
			name = "Supporting Files";
			sourceTree = "<group>";
		};
		FBADA5CA1D0263490037C4F5 /* tableViewIIndexTests */ = {
			isa = PBXGroup;
			children = (
				FBADA5CB1D0263490037C4F5 /* tableViewIIndexTests.m */,
				FBADA5CD1D0263490037C4F5 /* Info.plist */,
			);
			path = tableViewIIndexTests;
			sourceTree = "<group>";
		};
		FBADA5D51D0263490037C4F5 /* tableViewIIndexUITests */ = {
			isa = PBXGroup;
			children = (
				FBADA5D61D0263490037C4F5 /* tableViewIIndexUITests.m */,
				FBADA5D81D0263490037C4F5 /* Info.plist */,
			);
			path = tableViewIIndexUITests;
			sourceTree = "<group>";
		};
/* End PBXGroup section */

/* Begin PBXNativeTarget section */
		FBADA5AD1D0263490037C4F5 /* tableViewIIndex */ = {
			isa = PBXNativeTarget;
			buildConfigurationList = FBADA5DB1D0263490037C4F5 /* Build configuration list for PBXNativeTarget "tableViewIIndex" */;
			buildPhases = (
				FBADA5AA1D0263490037C4F5 /* Sources */,
				FBADA5AB1D0263490037C4F5 /* Frameworks */,
				FBADA5AC1D0263490037C4F5 /* Resources */,
			);
			buildRules = (
			);
			dependencies = (
			);
			name = tableViewIIndex;
			productName = tableViewIIndex;
			productReference = FBADA5AE1D0263490037C4F5 /* tableViewIIndex.app */;
			productType = "com.apple.product-type.application";
		};
		FBADA5C61D0263490037C4F5 /* tableViewIIndexTests */ = {
			isa = PBXNativeTarget;
			buildConfigurationList = FBADA5DE1D0263490037C4F5 /* Build configuration list for PBXNativeTarget "tableViewIIndexTests" */;
			buildPhases = (
				FBADA5C31D0263490037C4F5 /* Sources */,
				FBADA5C41D0263490037C4F5 /* Frameworks */,
				FBADA5C51D0263490037C4F5 /* Resources */,
			);
			buildRules = (
			);
			dependencies = (
				FBADA5C91D0263490037C4F5 /* PBXTargetDependency */,
			);
			name = tableViewIIndexTests;
			productName = tableViewIIndexTests;
			productReference = FBADA5C71D0263490037C4F5 /* tableViewIIndexTests.xctest */;
			productType = "com.apple.product-type.bundle.unit-test";
		};
		FBADA5D11D0263490037C4F5 /* tableViewIIndexUITests */ = {
			isa = PBXNativeTarget;
			buildConfigurationList = FBADA5E11D0263490037C4F5 /* Build configuration list for PBXNativeTarget "tableViewIIndexUITests" */;
			buildPhases = (
				FBADA5CE1D0263490037C4F5 /* Sources */,
				FBADA5CF1D0263490037C4F5 /* Frameworks */,
				FBADA5D01D0263490037C4F5 /* Resources */,
			);
			buildRules = (
			);
			dependencies = (
				FBADA5D41D0263490037C4F5 /* PBXTargetDependency */,
			);
			name = tableViewIIndexUITests;
			productName = tableViewIIndexUITests;
			productReference = FBADA5D21D0263490037C4F5 /* tableViewIIndexUITests.xctest */;
			productType = "com.apple.product-type.bundle.ui-testing";
		};
/* End PBXNativeTarget section */

/* Begin PBXProject section */
		FBADA5A61D0263490037C4F5 /* Project object */ = {
			isa = PBXProject;
			attributes = {
				LastUpgradeCheck = 0730;
				ORGANIZATIONNAME = "李国怀";
				TargetAttributes = {
					FBADA5AD1D0263490037C4F5 = {
						CreatedOnToolsVersion = 7.3.1;
					};
					FBADA5C61D0263490037C4F5 = {
						CreatedOnToolsVersion = 7.3.1;
						TestTargetID = FBADA5AD1D0263490037C4F5;
					};
					FBADA5D11D0263490037C4F5 = {
						CreatedOnToolsVersion = 7.3.1;
						TestTargetID = FBADA5AD1D0263490037C4F5;
					};
				};
			};
			buildConfigurationList = FBADA5A91D0263490037C4F5 /* Build configuration list for PBXProject "tableViewIIndex" */;
			compatibilityVersion = "Xcode 3.2";
			developmentRegion = English;
			hasScannedForEncodings = 0;
			knownRegions = (
				en,
				Base,
			);
			mainGroup = FBADA5A51D0263490037C4F5;
			productRefGroup = FBADA5AF1D0263490037C4F5 /* Products */;
			projectDirPath = "";
			projectRoot = "";
			targets = (
				FBADA5AD1D0263490037C4F5 /* tableViewIIndex */,
				FBADA5C61D0263490037C4F5 /* tableViewIIndexTests */,
				FBADA5D11D0263490037C4F5 /* tableViewIIndexUITests */,
			);
		};
/* End PBXProject section */

/* Begin PBXResourcesBuildPhase section */
		FBADA5AC1D0263490037C4F5 /* Resources */ = {
			isa = PBXResourcesBuildPhase;
			buildActionMask = 2147483647;
			files = (
				FBADA5C11D0263490037C4F5 /* LaunchScreen.storyboard in Resources */,
				FBADA5BE1D0263490037C4F5 /* Assets.xcassets in Resources */,
				FBADA5BC1D0263490037C4F5 /* Main.storyboard in Resources */,
			);
			runOnlyForDeploymentPostprocessing = 0;
		};
		FBADA5C51D0263490037C4F5 /* Resources */ = {
			isa = PBXResourcesBuildPhase;
			buildActionMask = 2147483647;
			files = (
			);
			runOnlyForDeploymentPostprocessing = 0;
		};
		FBADA5D01D0263490037C4F5 /* Resources */ = {
			isa = PBXResourcesBuildPhase;
			buildActionMask = 2147483647;
			files = (
			);
			runOnlyForDeploymentPostprocessing = 0;
		};
/* End PBXResourcesBuildPhase section */

/* Begin PBXSourcesBuildPhase section */
		FBADA5AA1D0263490037C4F5 /* Sources */ = {
			isa = PBXSourcesBuildPhase;
			buildActionMask = 2147483647;
			files = (
				FBADA5B91D0263490037C4F5 /* ViewController.m in Sources */,
				FBADA5E61D0263920037C4F5 /* TableViewIndex.m in Sources */,
				FBADA5B61D0263490037C4F5 /* AppDelegate.m in Sources */,
				FBADA5E91D026A370037C4F5 /* IndexTableView.m in Sources */,
				FBADA5B31D0263490037C4F5 /* main.m in Sources */,
			);
			runOnlyForDeploymentPostprocessing = 0;
		};
		FBADA5C31D0263490037C4F5 /* Sources */ = {
			isa = PBXSourcesBuildPhase;
			buildActionMask = 2147483647;
			files = (
				FBADA5CC1D0263490037C4F5 /* tableViewIIndexTests.m in Sources */,
			);
			runOnlyForDeploymentPostprocessing = 0;
		};
		FBADA5CE1D0263490037C4F5 /* Sources */ = {
			isa = PBXSourcesBuildPhase;
			buildActionMask = 2147483647;
			files = (
				FBADA5D71D0263490037C4F5 /* tableViewIIndexUITests.m in Sources */,
			);
			runOnlyForDeploymentPostprocessing = 0;
		};
/* End PBXSourcesBuildPhase section */

/* Begin PBXTargetDependency section */
		FBADA5C91D0263490037C4F5 /* PBXTargetDependency */ = {
			isa = PBXTargetDependency;
			target = FBADA5AD1D0263490037C4F5 /* tableViewIIndex */;
			targetProxy = FBADA5C81D0263490037C4F5 /* PBXContainerItemProxy */;
		};
		FBADA5D41D0263490037C4F5 /* PBXTargetDependency */ = {
			isa = PBXTargetDependency;
			target = FBADA5AD1D0263490037C4F5 /* tableViewIIndex */;
			targetProxy = FBADA5D31D0263490037C4F5 /* PBXContainerItemProxy */;
		};
/* End PBXTargetDependency section */

/* Begin PBXVariantGroup section */
		FBADA5BA1D0263490037C4F5 /* Main.storyboard */ = {
			isa = PBXVariantGroup;
			children = (
				FBADA5BB1D0263490037C4F5 /* Base */,
			);
			name = Main.storyboard;
			sourceTree = "<group>";
		};
		FBADA5BF1D0263490037C4F5 /* LaunchScreen.storyboard */ = {
			isa = PBXVariantGroup;
			children = (
				FBADA5C01D0263490037C4F5 /* Base */,
			);
			name = LaunchScreen.storyboard;
			sourceTree = "<group>";
		};
/* End PBXVariantGroup section */

/* Begin XCBuildConfiguration section */
		FBADA5D91D0263490037C4F5 /* Debug */ = {
			isa = XCBuildConfiguration;
			buildSettings = {
				ALWAYS_SEARCH_USER_PATHS = NO;
				CLANG_ANALYZER_NONNULL = YES;
				CLANG_CXX_LANGUAGE_STANDARD = "gnu++0x";
				CLANG_CXX_LIBRARY = "libc++";
				CLANG_ENABLE_MODULES = YES;
				CLANG_ENABLE_OBJC_ARC = YES;
				CLANG_WARN_BOOL_CONVERSION = YES;
				CLANG_WARN_CONSTANT_CONVERSION = YES;
				CLANG_WARN_DIRECT_OBJC_ISA_USAGE = YES_ERROR;
				CLANG_WARN_EMPTY_BODY = YES;
				CLANG_WARN_ENUM_CONVERSION = YES;
				CLANG_WARN_INT_CONVERSION = YES;
				CLANG_WARN_OBJC_ROOT_CLASS = YES_ERROR;
				CLANG_WARN_UNREACHABLE_CODE = YES;
				CLANG_WARN__DUPLICATE_METHOD_MATCH = YES;
				"CODE_SIGN_IDENTITY[sdk=iphoneos*]" = "iPhone Developer";
				COPY_PHASE_STRIP = NO;
				DEBUG_INFORMATION_FORMAT = dwarf;
				ENABLE_STRICT_OBJC_MSGSEND = YES;
				ENABLE_TESTABILITY = YES;
				GCC_C_LANGUAGE_STANDARD = gnu99;
				GCC_DYNAMIC_NO_PIC = NO;
				GCC_NO_COMMON_BLOCKS = YES;
				GCC_OPTIMIZATION_LEVEL = 0;
				GCC_PREPROCESSOR_DEFINITIONS = (
					"DEBUG=1",
					"$(inherited)",
				);
				GCC_WARN_64_TO_32_BIT_CONVERSION = YES;
				GCC_WARN_ABOUT_RETURN_TYPE = YES_ERROR;
				GCC_WARN_UNDECLARED_SELECTOR = YES;
				GCC_WARN_UNINITIALIZED_AUTOS = YES_AGGRESSIVE;
				GCC_WARN_UNUSED_FUNCTION = YES;
				GCC_WARN_UNUSED_VARIABLE = YES;
				IPHONEOS_DEPLOYMENT_TARGET = 9.3;
				MTL_ENABLE_DEBUG_INFO = YES;
				ONLY_ACTIVE_ARCH = YES;
				SDKROOT = iphoneos;
			};
			name = Debug;
		};
		FBADA5DA1D0263490037C4F5 /* Release */ = {
			isa = XCBuildConfiguration;
			buildSettings = {
				ALWAYS_SEARCH_USER_PATHS = NO;
				CLANG_ANALYZER_NONNULL = YES;
				CLANG_CXX_LANGUAGE_STANDARD = "gnu++0x";
				CLANG_CXX_LIBRARY = "libc++";
				CLANG_ENABLE_MODULES = YES;
				CLANG_ENABLE_OBJC_ARC = YES;
				CLANG_WARN_BOOL_CONVERSION = YES;
				CLANG_WARN_CONSTANT_CONVERSION = YES;
				CLANG_WARN_DIRECT_OBJC_ISA_USAGE = YES_ERROR;
				CLANG_WARN_EMPTY_BODY = YES;
				CLANG_WARN_ENUM_CONVERSION = YES;
				CLANG_WARN_INT_CONVERSION = YES;
				CLANG_WARN_OBJC_ROOT_CLASS = YES_ERROR;
				CLANG_WARN_UNREACHABLE_CODE = YES;
				CLANG_WARN__DUPLICATE_METHOD_MATCH = YES;
				"CODE_SIGN_IDENTITY[sdk=iphoneos*]" = "iPhone Developer";
				COPY_PHASE_STRIP = NO;
				DEBUG_INFORMATION_FORMAT = "dwarf-with-dsym";
				ENABLE_NS_ASSERTIONS = NO;
				ENABLE_STRICT_OBJC_MSGSEND = YES;
				GCC_C_LANGUAGE_STANDARD = gnu99;
				GCC_NO_COMMON_BLOCKS = YES;
				GCC_WARN_64_TO_32_BIT_CONVERSION = YES;
				GCC_WARN_ABOUT_RETURN_TYPE = YES_ERROR;
				GCC_WARN_UNDECLARED_SELECTOR = YES;
				GCC_WARN_UNINITIALIZED_AUTOS = YES_AGGRESSIVE;
				GCC_WARN_UNUSED_FUNCTION = YES;
				GCC_WARN_UNUSED_VARIABLE = YES;
				IPHONEOS_DEPLOYMENT_TARGET = 9.3;
				MTL_ENABLE_DEBUG_INFO = NO;
				SDKROOT = iphoneos;
				VALIDATE_PRODUCT = YES;
			};
			name = Release;
		};
		FBADA5DC1D0263490037C4F5 /* Debug */ = {
			isa = XCBuildConfiguration;
			buildSettings = {
				ASSETCATALOG_COMPILER_APPICON_NAME = AppIcon;
				INFOPLIST_FILE = tableViewIIndex/Info.plist;
				LD_RUNPATH_SEARCH_PATHS = "$(inherited) @executable_path/Frameworks";
				PRODUCT_BUNDLE_IDENTIFIER = com.Nanshanyi.tableViewIIndex;
				PRODUCT_NAME = "$(TARGET_NAME)";
			};
			name = Debug;
		};
		FBADA5DD1D0263490037C4F5 /* Release */ = {
			isa = XCBuildConfiguration;
			buildSettings = {
				ASSETCATALOG_COMPILER_APPICON_NAME = AppIcon;
				INFOPLIST_FILE = tableViewIIndex/Info.plist;
				LD_RUNPATH_SEARCH_PATHS = "$(inherited) @executable_path/Frameworks";
				PRODUCT_BUNDLE_IDENTIFIER = com.Nanshanyi.tableViewIIndex;
				PRODUCT_NAME = "$(TARGET_NAME)";
			};
			name = Release;
		};
		FBADA5DF1D0263490037C4F5 /* Debug */ = {
			isa = XCBuildConfiguration;
			buildSettings = {
				BUNDLE_LOADER = "$(TEST_HOST)";
				INFOPLIST_FILE = tableViewIIndexTests/Info.plist;
				LD_RUNPATH_SEARCH_PATHS = "$(inherited) @executable_path/Frameworks @loader_path/Frameworks";
				PRODUCT_BUNDLE_IDENTIFIER = com.Nanshanyi.tableViewIIndexTests;
				PRODUCT_NAME = "$(TARGET_NAME)";
				TEST_HOST = "$(BUILT_PRODUCTS_DIR)/tableViewIIndex.app/tableViewIIndex";
			};
			name = Debug;
		};
		FBADA5E01D0263490037C4F5 /* Release */ = {
			isa = XCBuildConfiguration;
			buildSettings = {
				BUNDLE_LOADER = "$(TEST_HOST)";
				INFOPLIST_FILE = tableViewIIndexTests/Info.plist;
				LD_RUNPATH_SEARCH_PATHS = "$(inherited) @executable_path/Frameworks @loader_path/Frameworks";
				PRODUCT_BUNDLE_IDENTIFIER = com.Nanshanyi.tableViewIIndexTests;
				PRODUCT_NAME = "$(TARGET_NAME)";
				TEST_HOST = "$(BUILT_PRODUCTS_DIR)/tableViewIIndex.app/tableViewIIndex";
			};
			name = Release;
		};
		FBADA5E21D0263490037C4F5 /* Debug */ = {
			isa = XCBuildConfiguration;
			buildSettings = {
				INFOPLIST_FILE = tableViewIIndexUITests/Info.plist;
				LD_RUNPATH_SEARCH_PATHS = "$(inherited) @executable_path/Frameworks @loader_path/Frameworks";
				PRODUCT_BUNDLE_IDENTIFIER = com.Nanshanyi.tableViewIIndexUITests;
				PRODUCT_NAME = "$(TARGET_NAME)";
				TEST_TARGET_NAME = tableViewIIndex;
			};
			name = Debug;
		};
		FBADA5E31D0263490037C4F5 /* Release */ = {
			isa = XCBuildConfiguration;
			buildSettings = {
				INFOPLIST_FILE = tableViewIIndexUITests/Info.plist;
				LD_RUNPATH_SEARCH_PATHS = "$(inherited) @executable_path/Frameworks @loader_path/Frameworks";
				PRODUCT_BUNDLE_IDENTIFIER = com.Nanshanyi.tableViewIIndexUITests;
				PRODUCT_NAME = "$(TARGET_NAME)";
				TEST_TARGET_NAME = tableViewIIndex;
			};
			name = Release;
		};
/* End XCBuildConfiguration section */

/* Begin XCConfigurationList section */
		FBADA5A91D0263490037C4F5 /* Build configuration list for PBXProject "tableViewIIndex" */ = {
			isa = XCConfigurationList;
			buildConfigurations = (
				FBADA5D91D0263490037C4F5 /* Debug */,
				FBADA5DA1D0263490037C4F5 /* Release */,
			);
			defaultConfigurationIsVisible = 0;
			defaultConfigurationName = Release;
		};
		FBADA5DB1D0263490037C4F5 /* Build configuration list for PBXNativeTarget "tableViewIIndex" */ = {
			isa = XCConfigurationList;
			buildConfigurations = (
				FBADA5DC1D0263490037C4F5 /* Debug */,
				FBADA5DD1D0263490037C4F5 /* Release */,
			);
			defaultConfigurationIsVisible = 0;
			defaultConfigurationName = Release;
		};
		FBADA5DE1D0263490037C4F5 /* Build configuration list for PBXNativeTarget "tableViewIIndexTests" */ = {
			isa = XCConfigurationList;
			buildConfigurations = (
				FBADA5DF1D0263490037C4F5 /* Debug */,
				FBADA5E01D0263490037C4F5 /* Release */,
			);
			defaultConfigurationIsVisible = 0;
			defaultConfigurationName = Release;
		};
		FBADA5E11D0263490037C4F5 /* Build configuration list for PBXNativeTarget "tableViewIIndexUITests" */ = {
			isa = XCConfigurationList;
			buildConfigurations = (
				FBADA5E21D0263490037C4F5 /* Debug */,
				FBADA5E31D0263490037C4F5 /* Release */,
			);
			defaultConfigurationIsVisible = 0;
			defaultConfigurationName = Release;
		};
/* End XCConfigurationList section */
	};
	rootObject = FBADA5A61D0263490037C4F5 /* Project object */;
}
